
Microsoft Visual Studio Solution File, Format Version 12.00
# Visual Studio 15
VisualStudioVersion = 15.0.28307.329
MinimumVisualStudioVersion = 10.0.40219.1
Project("{FAE04EC0-301F-11D3-BF4B-00C04F79EFBC}") = "Gifts", "Gifts\Gifts.csproj", "{71A56612-9FEF-43E0-B886-E6755B5D231F}"
EndProject
Project("{FAE04EC0-301F-11D3-BF4B-00C04F79EFBC}") = "GiftsFromSanta", "GiftsFromSanta\GiftsFromSanta.csproj", "{2FFBE49F-4075-47CB-8125-206F68E7A144}"
EndProject
Project("{FAE04EC0-301F-11D3-BF4B-00C04F79EFBC}") = "ChristmasDecoration", "ChristmasDecoration\ChristmasDecoration.csproj", "{BA2282B5-9CDB-4021-A9B3-404F190799D9}"
EndProject
Global
	GlobalSection(SolutionConfigurationPlatforms) = preSolution
		Debug|Any CPU = Debug|Any CPU
		Release|Any CPU = Release|Any CPU
	EndGlobalSection
	GlobalSection(ProjectConfigurationPlatforms) = postSolution
		{71A56612-9FEF-43E0-B886-E6755B5D231F}.Debug|Any CPU.ActiveCfg = Debug|Any CPU
		{71A56612-9FEF-43E0-B886-E6755B5D231F}.Debug|Any CPU.Build.0 = Debug|Any CPU
		{71A56612-9FEF-43E0-B886-E6755B5D231F}.Release|Any CPU.ActiveCfg = Release|Any CPU
		{71A56612-9FEF-43E0-B886-E6755B5D231F}.Release|Any CPU.Build.0 = Release|Any CPU
		{2FFBE49F-4075-47CB-8125-206F68E7A144}.Debug|Any CPU.ActiveCfg = Debug|Any CPU
		{2FFBE49F-4075-47CB-8125-206F68E7A144}.Debug|Any CPU.Build.0 = Debug|Any CPU
		{2FFBE49F-4075-47CB-8125-206F68E7A144}.Release|Any CPU.ActiveCfg = Release|Any CPU
		{2FFBE49F-4075-47CB-8125-206F68E7A144}.Release|Any CPU.Build.0 = Release|Any CPU
		{BA2282B5-9CDB-4021-A9B3-404F190799D9}.Debug|Any CPU.ActiveCfg = Debug|Any CPU
		{BA2282B5-9CDB-4021-A9B3-404F190799D9}.Debug|Any CPU.Build.0 = Debug|Any CPU
		{BA2282B5-9CDB-4021-A9B3-404F190799D9}.Release|Any CPU.ActiveCfg = Release|Any CPU
		{BA2282B5-9CDB-4021-A9B3-404F190799D9}.Release|Any CPU.Build.0 = Release|Any CPU
	EndGlobalSection
	GlobalSection(SolutionProperties) = preSolution
		HideSolutionNode = FALSE
	EndGlobalSection
	GlobalSection(ExtensibilityGlobals) = postSolution
		SolutionGuid = {52D5CE5D-443A-4C3D-B159-E1813F76F945}
	EndGlobalSection
EndGlobal
