
Microsoft Visual Studio Solution File, Format Version 12.00
# Visual Studio 15
VisualStudioVersion = 15.0.28307.329
MinimumVisualStudioVersion = 10.0.40219.1
Project("{FAE04EC0-301F-11D3-BF4B-00C04F79EFBC}") = "RockPaperScissors", "RockPaperScissors\RockPaperScissors.csproj", "{681F0D29-0584-4C8C-8F6D-3CA9CE869DA5}"
EndProject
Global
	GlobalSection(SolutionConfigurationPlatforms) = preSolution
		Debug|Any CPU = Debug|Any CPU
		Release|Any CPU = Release|Any CPU
	EndGlobalSection
	GlobalSection(ProjectConfigurationPlatforms) = postSolution
		{681F0D29-0584-4C8C-8F6D-3CA9CE869DA5}.Debug|Any CPU.ActiveCfg = Debug|Any CPU
		{681F0D29-0584-4C8C-8F6D-3CA9CE869DA5}.Debug|Any CPU.Build.0 = Debug|Any CPU
		{681F0D29-0584-4C8C-8F6D-3CA9CE869DA5}.Release|Any CPU.ActiveCfg = Release|Any CPU
		{681F0D29-0584-4C8C-8F6D-3CA9CE869DA5}.Release|Any CPU.Build.0 = Release|Any CPU
	EndGlobalSection
	GlobalSection(SolutionProperties) = preSolution
		HideSolutionNode = FALSE
	EndGlobalSection
	GlobalSection(ExtensibilityGlobals) = postSolution
		SolutionGuid = {02BA5B8F-87DB-4240-BB84-5334E5B79B54}
	EndGlobalSection
EndGlobal
