
Microsoft Visual Studio Solution File, Format Version 12.00
# Visual Studio 15
VisualStudioVersion = 15.0.28307.539
MinimumVisualStudioVersion = 10.0.40219.1
Project("{FAE04EC0-301F-11D3-BF4B-00C04F79EFBC}") = "MathOperation", "MathOperation\MathOperation.csproj", "{16A0331A-25FD-42E2-AE3A-A96BDEB6FB6E}"
EndProject
Project("{FAE04EC0-301F-11D3-BF4B-00C04F79EFBC}") = "Animals", "Animals\Animals.csproj", "{0C848439-DC8D-48F9-B863-3EAABFC89AA3}"
EndProject
Project("{FAE04EC0-301F-11D3-BF4B-00C04F79EFBC}") = "Shapes", "Shapes\Shapes.csproj", "{7121E542-4210-45F0-98E1-51923F37E77A}"
EndProject
Global
	GlobalSection(SolutionConfigurationPlatforms) = preSolution
		Debug|Any CPU = Debug|Any CPU
		Release|Any CPU = Release|Any CPU
	EndGlobalSection
	GlobalSection(ProjectConfigurationPlatforms) = postSolution
		{16A0331A-25FD-42E2-AE3A-A96BDEB6FB6E}.Debug|Any CPU.ActiveCfg = Debug|Any CPU
		{16A0331A-25FD-42E2-AE3A-A96BDEB6FB6E}.Debug|Any CPU.Build.0 = Debug|Any CPU
		{16A0331A-25FD-42E2-AE3A-A96BDEB6FB6E}.Release|Any CPU.ActiveCfg = Release|Any CPU
		{16A0331A-25FD-42E2-AE3A-A96BDEB6FB6E}.Release|Any CPU.Build.0 = Release|Any CPU
		{0C848439-DC8D-48F9-B863-3EAABFC89AA3}.Debug|Any CPU.ActiveCfg = Debug|Any CPU
		{0C848439-DC8D-48F9-B863-3EAABFC89AA3}.Debug|Any CPU.Build.0 = Debug|Any CPU
		{0C848439-DC8D-48F9-B863-3EAABFC89AA3}.Release|Any CPU.ActiveCfg = Release|Any CPU
		{0C848439-DC8D-48F9-B863-3EAABFC89AA3}.Release|Any CPU.Build.0 = Release|Any CPU
		{7121E542-4210-45F0-98E1-51923F37E77A}.Debug|Any CPU.ActiveCfg = Debug|Any CPU
		{7121E542-4210-45F0-98E1-51923F37E77A}.Debug|Any CPU.Build.0 = Debug|Any CPU
		{7121E542-4210-45F0-98E1-51923F37E77A}.Release|Any CPU.ActiveCfg = Release|Any CPU
		{7121E542-4210-45F0-98E1-51923F37E77A}.Release|Any CPU.Build.0 = Release|Any CPU
	EndGlobalSection
	GlobalSection(SolutionProperties) = preSolution
		HideSolutionNode = FALSE
	EndGlobalSection
	GlobalSection(ExtensibilityGlobals) = postSolution
		SolutionGuid = {C1517D9C-2203-45CA-A307-82A1BC22316B}
	EndGlobalSection
EndGlobal
