
Microsoft Visual Studio Solution File, Format Version 12.00
# Visual Studio 15
VisualStudioVersion = 15.0.28307.539
MinimumVisualStudioVersion = 10.0.40219.1
Project("{FAE04EC0-301F-11D3-BF4B-00C04F79EFBC}") = "1. Sort Even Numbers", "1. Sort Even Numbers\1. Sort Even Numbers.csproj", "{CC3F3C1B-D9E2-4B81-96B2-9DCDAD74352D}"
EndProject
Project("{FAE04EC0-301F-11D3-BF4B-00C04F79EFBC}") = "2. Sum Numbers", "2. Sum Numbers\2. Sum Numbers.csproj", "{E3E5CDF4-3487-4CBF-8781-087CEEE04ECB}"
EndProject
Project("{FAE04EC0-301F-11D3-BF4B-00C04F79EFBC}") = "03. Count Uppercase Words", "03. Count Uppercase Words\03. Count Uppercase Words.csproj", "{B015E143-0E22-4CA2-8FA8-6BB643F504D6}"
EndProject
Project("{FAE04EC0-301F-11D3-BF4B-00C04F79EFBC}") = "04. Add VAT", "04. Add VAT\04. Add VAT.csproj", "{C542CFA2-6902-403C-AD9C-10BBD6D7B318}"
EndProject
Project("{FAE04EC0-301F-11D3-BF4B-00C04F79EFBC}") = "05. Filter By Age", "05. Filter By Age\05. Filter By Age.csproj", "{850F8D32-98CA-464D-96A8-F39F61A9B280}"
EndProject
Global
	GlobalSection(SolutionConfigurationPlatforms) = preSolution
		Debug|Any CPU = Debug|Any CPU
		Release|Any CPU = Release|Any CPU
	EndGlobalSection
	GlobalSection(ProjectConfigurationPlatforms) = postSolution
		{CC3F3C1B-D9E2-4B81-96B2-9DCDAD74352D}.Debug|Any CPU.ActiveCfg = Debug|Any CPU
		{CC3F3C1B-D9E2-4B81-96B2-9DCDAD74352D}.Debug|Any CPU.Build.0 = Debug|Any CPU
		{CC3F3C1B-D9E2-4B81-96B2-9DCDAD74352D}.Release|Any CPU.ActiveCfg = Release|Any CPU
		{CC3F3C1B-D9E2-4B81-96B2-9DCDAD74352D}.Release|Any CPU.Build.0 = Release|Any CPU
		{E3E5CDF4-3487-4CBF-8781-087CEEE04ECB}.Debug|Any CPU.ActiveCfg = Debug|Any CPU
		{E3E5CDF4-3487-4CBF-8781-087CEEE04ECB}.Debug|Any CPU.Build.0 = Debug|Any CPU
		{E3E5CDF4-3487-4CBF-8781-087CEEE04ECB}.Release|Any CPU.ActiveCfg = Release|Any CPU
		{E3E5CDF4-3487-4CBF-8781-087CEEE04ECB}.Release|Any CPU.Build.0 = Release|Any CPU
		{B015E143-0E22-4CA2-8FA8-6BB643F504D6}.Debug|Any CPU.ActiveCfg = Debug|Any CPU
		{B015E143-0E22-4CA2-8FA8-6BB643F504D6}.Debug|Any CPU.Build.0 = Debug|Any CPU
		{B015E143-0E22-4CA2-8FA8-6BB643F504D6}.Release|Any CPU.ActiveCfg = Release|Any CPU
		{B015E143-0E22-4CA2-8FA8-6BB643F504D6}.Release|Any CPU.Build.0 = Release|Any CPU
		{C542CFA2-6902-403C-AD9C-10BBD6D7B318}.Debug|Any CPU.ActiveCfg = Debug|Any CPU
		{C542CFA2-6902-403C-AD9C-10BBD6D7B318}.Debug|Any CPU.Build.0 = Debug|Any CPU
		{C542CFA2-6902-403C-AD9C-10BBD6D7B318}.Release|Any CPU.ActiveCfg = Release|Any CPU
		{C542CFA2-6902-403C-AD9C-10BBD6D7B318}.Release|Any CPU.Build.0 = Release|Any CPU
		{850F8D32-98CA-464D-96A8-F39F61A9B280}.Debug|Any CPU.ActiveCfg = Debug|Any CPU
		{850F8D32-98CA-464D-96A8-F39F61A9B280}.Debug|Any CPU.Build.0 = Debug|Any CPU
		{850F8D32-98CA-464D-96A8-F39F61A9B280}.Release|Any CPU.ActiveCfg = Release|Any CPU
		{850F8D32-98CA-464D-96A8-F39F61A9B280}.Release|Any CPU.Build.0 = Release|Any CPU
	EndGlobalSection
	GlobalSection(SolutionProperties) = preSolution
		HideSolutionNode = FALSE
	EndGlobalSection
	GlobalSection(ExtensibilityGlobals) = postSolution
		SolutionGuid = {380943FF-B362-436F-8C5D-B48D6EDADCE7}
	EndGlobalSection
EndGlobal
