
Microsoft Visual Studio Solution File, Format Version 12.00
# Visual Studio 15
VisualStudioVersion = 15.0.28307.539
MinimumVisualStudioVersion = 10.0.40219.1
Project("{9A19103F-16F7-4668-BE54-9A1E7A4F7556}") = "Concert", "Concert\Concert.csproj", "{E5E5C6A1-C280-4D5C-9323-27947F03D84E}"
EndProject
Project("{FAE04EC0-301F-11D3-BF4B-00C04F79EFBC}") = "Song Encryption", "Song Encryption\Song Encryption.csproj", "{442E5734-90C7-4248-AB3C-7D24BA53C0BB}"
EndProject
Global
	GlobalSection(SolutionConfigurationPlatforms) = preSolution
		Debug|Any CPU = Debug|Any CPU
		Release|Any CPU = Release|Any CPU
	EndGlobalSection
	GlobalSection(ProjectConfigurationPlatforms) = postSolution
		{E5E5C6A1-C280-4D5C-9323-27947F03D84E}.Debug|Any CPU.ActiveCfg = Debug|Any CPU
		{E5E5C6A1-C280-4D5C-9323-27947F03D84E}.Debug|Any CPU.Build.0 = Debug|Any CPU
		{E5E5C6A1-C280-4D5C-9323-27947F03D84E}.Release|Any CPU.ActiveCfg = Release|Any CPU
		{E5E5C6A1-C280-4D5C-9323-27947F03D84E}.Release|Any CPU.Build.0 = Release|Any CPU
		{442E5734-90C7-4248-AB3C-7D24BA53C0BB}.Debug|Any CPU.ActiveCfg = Debug|Any CPU
		{442E5734-90C7-4248-AB3C-7D24BA53C0BB}.Debug|Any CPU.Build.0 = Debug|Any CPU
		{442E5734-90C7-4248-AB3C-7D24BA53C0BB}.Release|Any CPU.ActiveCfg = Release|Any CPU
		{442E5734-90C7-4248-AB3C-7D24BA53C0BB}.Release|Any CPU.Build.0 = Release|Any CPU
	EndGlobalSection
	GlobalSection(SolutionProperties) = preSolution
		HideSolutionNode = FALSE
	EndGlobalSection
	GlobalSection(ExtensibilityGlobals) = postSolution
		SolutionGuid = {C38C871B-D1D3-4B8D-B7D8-E5223A59E590}
	EndGlobalSection
EndGlobal
