
Microsoft Visual Studio Solution File, Format Version 12.00
# Visual Studio 15
VisualStudioVersion = 15.0.28307.539
MinimumVisualStudioVersion = 10.0.40219.1
Project("{9A19103F-16F7-4668-BE54-9A1E7A4F7556}") = "Problem 1. ListyIterator", "Problem 1. ListyIterator\Problem 1. ListyIterator.csproj", "{D8F5EA31-1118-4911-8156-442A6C43055C}"
EndProject
Project("{9A19103F-16F7-4668-BE54-9A1E7A4F7556}") = "Stack", "Stack\Stack.csproj", "{502A9CCB-7172-4670-9E23-F4088840651C}"
EndProject
Project("{FAE04EC0-301F-11D3-BF4B-00C04F79EFBC}") = "Froggy", "Froggy\Froggy.csproj", "{CAC7E673-B660-4A6C-BDDE-DE28C5C24C40}"
EndProject
Project("{FAE04EC0-301F-11D3-BF4B-00C04F79EFBC}") = "Comparing Objects", "Comparing Objects\Comparing Objects.csproj", "{7205F04E-0C36-4148-901D-84C260DB0D04}"
EndProject
Project("{FAE04EC0-301F-11D3-BF4B-00C04F79EFBC}") = "Equality Logic", "Equality Logic\Equality Logic.csproj", "{355564F8-A1E6-4C73-95AD-F81D10A6CE65}"
EndProject
Global
	GlobalSection(SolutionConfigurationPlatforms) = preSolution
		Debug|Any CPU = Debug|Any CPU
		Release|Any CPU = Release|Any CPU
	EndGlobalSection
	GlobalSection(ProjectConfigurationPlatforms) = postSolution
		{D8F5EA31-1118-4911-8156-442A6C43055C}.Debug|Any CPU.ActiveCfg = Debug|Any CPU
		{D8F5EA31-1118-4911-8156-442A6C43055C}.Debug|Any CPU.Build.0 = Debug|Any CPU
		{D8F5EA31-1118-4911-8156-442A6C43055C}.Release|Any CPU.ActiveCfg = Release|Any CPU
		{D8F5EA31-1118-4911-8156-442A6C43055C}.Release|Any CPU.Build.0 = Release|Any CPU
		{502A9CCB-7172-4670-9E23-F4088840651C}.Debug|Any CPU.ActiveCfg = Debug|Any CPU
		{502A9CCB-7172-4670-9E23-F4088840651C}.Debug|Any CPU.Build.0 = Debug|Any CPU
		{502A9CCB-7172-4670-9E23-F4088840651C}.Release|Any CPU.ActiveCfg = Release|Any CPU
		{502A9CCB-7172-4670-9E23-F4088840651C}.Release|Any CPU.Build.0 = Release|Any CPU
		{CAC7E673-B660-4A6C-BDDE-DE28C5C24C40}.Debug|Any CPU.ActiveCfg = Debug|Any CPU
		{CAC7E673-B660-4A6C-BDDE-DE28C5C24C40}.Debug|Any CPU.Build.0 = Debug|Any CPU
		{CAC7E673-B660-4A6C-BDDE-DE28C5C24C40}.Release|Any CPU.ActiveCfg = Release|Any CPU
		{CAC7E673-B660-4A6C-BDDE-DE28C5C24C40}.Release|Any CPU.Build.0 = Release|Any CPU
		{7205F04E-0C36-4148-901D-84C260DB0D04}.Debug|Any CPU.ActiveCfg = Debug|Any CPU
		{7205F04E-0C36-4148-901D-84C260DB0D04}.Debug|Any CPU.Build.0 = Debug|Any CPU
		{7205F04E-0C36-4148-901D-84C260DB0D04}.Release|Any CPU.ActiveCfg = Release|Any CPU
		{7205F04E-0C36-4148-901D-84C260DB0D04}.Release|Any CPU.Build.0 = Release|Any CPU
		{355564F8-A1E6-4C73-95AD-F81D10A6CE65}.Debug|Any CPU.ActiveCfg = Debug|Any CPU
		{355564F8-A1E6-4C73-95AD-F81D10A6CE65}.Debug|Any CPU.Build.0 = Debug|Any CPU
		{355564F8-A1E6-4C73-95AD-F81D10A6CE65}.Release|Any CPU.ActiveCfg = Release|Any CPU
		{355564F8-A1E6-4C73-95AD-F81D10A6CE65}.Release|Any CPU.Build.0 = Release|Any CPU
	EndGlobalSection
	GlobalSection(SolutionProperties) = preSolution
		HideSolutionNode = FALSE
	EndGlobalSection
	GlobalSection(ExtensibilityGlobals) = postSolution
		SolutionGuid = {FDC4D9BE-B236-4C32-9AE4-CBF7D10A7D8D}
	EndGlobalSection
EndGlobal
