
Microsoft Visual Studio Solution File, Format Version 12.00
# Visual Studio 15
VisualStudioVersion = 15.0.28307.539
MinimumVisualStudioVersion = 10.0.40219.1
Project("{FAE04EC0-301F-11D3-BF4B-00C04F79EFBC}") = "Encrypt", "Encrypt\Encrypt.csproj", "{59F1074B-E42E-4350-B64F-A4A7D3A5080B}"
EndProject
Project("{FAE04EC0-301F-11D3-BF4B-00C04F79EFBC}") = "MergAlgorithm", "MergAlgorithm\MergAlgorithm.csproj", "{FFB92FC3-9FBD-4DCB-B341-AC68355D832B}"
EndProject
Project("{FAE04EC0-301F-11D3-BF4B-00C04F79EFBC}") = "triangle", "triangle\triangle.csproj", "{5AEB7E28-BA52-477E-818D-A63F50AA63F6}"
EndProject
Global
	GlobalSection(SolutionConfigurationPlatforms) = preSolution
		Debug|Any CPU = Debug|Any CPU
		Release|Any CPU = Release|Any CPU
	EndGlobalSection
	GlobalSection(ProjectConfigurationPlatforms) = postSolution
		{59F1074B-E42E-4350-B64F-A4A7D3A5080B}.Debug|Any CPU.ActiveCfg = Debug|Any CPU
		{59F1074B-E42E-4350-B64F-A4A7D3A5080B}.Debug|Any CPU.Build.0 = Debug|Any CPU
		{59F1074B-E42E-4350-B64F-A4A7D3A5080B}.Release|Any CPU.ActiveCfg = Release|Any CPU
		{59F1074B-E42E-4350-B64F-A4A7D3A5080B}.Release|Any CPU.Build.0 = Release|Any CPU
		{FFB92FC3-9FBD-4DCB-B341-AC68355D832B}.Debug|Any CPU.ActiveCfg = Debug|Any CPU
		{FFB92FC3-9FBD-4DCB-B341-AC68355D832B}.Debug|Any CPU.Build.0 = Debug|Any CPU
		{FFB92FC3-9FBD-4DCB-B341-AC68355D832B}.Release|Any CPU.ActiveCfg = Release|Any CPU
		{FFB92FC3-9FBD-4DCB-B341-AC68355D832B}.Release|Any CPU.Build.0 = Release|Any CPU
		{5AEB7E28-BA52-477E-818D-A63F50AA63F6}.Debug|Any CPU.ActiveCfg = Debug|Any CPU
		{5AEB7E28-BA52-477E-818D-A63F50AA63F6}.Debug|Any CPU.Build.0 = Debug|Any CPU
		{5AEB7E28-BA52-477E-818D-A63F50AA63F6}.Release|Any CPU.ActiveCfg = Release|Any CPU
		{5AEB7E28-BA52-477E-818D-A63F50AA63F6}.Release|Any CPU.Build.0 = Release|Any CPU
	EndGlobalSection
	GlobalSection(SolutionProperties) = preSolution
		HideSolutionNode = FALSE
	EndGlobalSection
	GlobalSection(ExtensibilityGlobals) = postSolution
		SolutionGuid = {F2A464D7-8DD4-478B-B082-F3F5882D5146}
	EndGlobalSection
EndGlobal
