
Microsoft Visual Studio Solution File, Format Version 12.00
# Visual Studio 15
VisualStudioVersion = 15.0.28307.539
MinimumVisualStudioVersion = 10.0.40219.1
Project("{FAE04EC0-301F-11D3-BF4B-00C04F79EFBC}") = "1.Odd Lines", "1.Odd Lines\1.Odd Lines.csproj", "{42962A59-CFE0-4792-8981-E4E24A4EC43C}"
EndProject
Project("{FAE04EC0-301F-11D3-BF4B-00C04F79EFBC}") = "SliceAFile", "SliceAFile\SliceAFile.csproj", "{4D253289-EE93-4B3C-A24D-CED887085571}"
EndProject
Global
	GlobalSection(SolutionConfigurationPlatforms) = preSolution
		Debug|Any CPU = Debug|Any CPU
		Release|Any CPU = Release|Any CPU
	EndGlobalSection
	GlobalSection(ProjectConfigurationPlatforms) = postSolution
		{42962A59-CFE0-4792-8981-E4E24A4EC43C}.Debug|Any CPU.ActiveCfg = Debug|Any CPU
		{42962A59-CFE0-4792-8981-E4E24A4EC43C}.Debug|Any CPU.Build.0 = Debug|Any CPU
		{42962A59-CFE0-4792-8981-E4E24A4EC43C}.Release|Any CPU.ActiveCfg = Release|Any CPU
		{42962A59-CFE0-4792-8981-E4E24A4EC43C}.Release|Any CPU.Build.0 = Release|Any CPU
		{4D253289-EE93-4B3C-A24D-CED887085571}.Debug|Any CPU.ActiveCfg = Debug|Any CPU
		{4D253289-EE93-4B3C-A24D-CED887085571}.Debug|Any CPU.Build.0 = Debug|Any CPU
		{4D253289-EE93-4B3C-A24D-CED887085571}.Release|Any CPU.ActiveCfg = Release|Any CPU
		{4D253289-EE93-4B3C-A24D-CED887085571}.Release|Any CPU.Build.0 = Release|Any CPU
	EndGlobalSection
	GlobalSection(SolutionProperties) = preSolution
		HideSolutionNode = FALSE
	EndGlobalSection
	GlobalSection(ExtensibilityGlobals) = postSolution
		SolutionGuid = {A8D6586B-9E8E-437F-BBC8-6B4FA00F88C3}
	EndGlobalSection
EndGlobal
