
Microsoft Visual Studio Solution File, Format Version 12.00
# Visual Studio 15
VisualStudioVersion = 15.0.28307.539
MinimumVisualStudioVersion = 10.0.40219.1
Project("{FAE04EC0-301F-11D3-BF4B-00C04F79EFBC}") = "01. Spaceship Crafting", "01. Spaceship Crafting\01. Spaceship Crafting.csproj", "{0298EE34-CB40-4498-B93D-0A3A1CBAF593}"
EndProject
Project("{9A19103F-16F7-4668-BE54-9A1E7A4F7556}") = "SpaceStationRecruitment", "..\..\..\Desktop\SpaceStation\SpaceStationRecruitment.csproj", "{10134AA5-69EB-4639-B5F2-EFC345300623}"
EndProject
Project("{FAE04EC0-301F-11D3-BF4B-00C04F79EFBC}") = "Space Station Establishment", "Space Station Establishment\Space Station Establishment.csproj", "{9C769D9B-1306-4A97-A791-A8CBEF38E39C}"
EndProject
Global
	GlobalSection(SolutionConfigurationPlatforms) = preSolution
		Debug|Any CPU = Debug|Any CPU
		Release|Any CPU = Release|Any CPU
	EndGlobalSection
	GlobalSection(ProjectConfigurationPlatforms) = postSolution
		{0298EE34-CB40-4498-B93D-0A3A1CBAF593}.Debug|Any CPU.ActiveCfg = Debug|Any CPU
		{0298EE34-CB40-4498-B93D-0A3A1CBAF593}.Debug|Any CPU.Build.0 = Debug|Any CPU
		{0298EE34-CB40-4498-B93D-0A3A1CBAF593}.Release|Any CPU.ActiveCfg = Release|Any CPU
		{0298EE34-CB40-4498-B93D-0A3A1CBAF593}.Release|Any CPU.Build.0 = Release|Any CPU
		{10134AA5-69EB-4639-B5F2-EFC345300623}.Debug|Any CPU.ActiveCfg = Debug|Any CPU
		{10134AA5-69EB-4639-B5F2-EFC345300623}.Debug|Any CPU.Build.0 = Debug|Any CPU
		{10134AA5-69EB-4639-B5F2-EFC345300623}.Release|Any CPU.ActiveCfg = Release|Any CPU
		{10134AA5-69EB-4639-B5F2-EFC345300623}.Release|Any CPU.Build.0 = Release|Any CPU
		{9C769D9B-1306-4A97-A791-A8CBEF38E39C}.Debug|Any CPU.ActiveCfg = Debug|Any CPU
		{9C769D9B-1306-4A97-A791-A8CBEF38E39C}.Debug|Any CPU.Build.0 = Debug|Any CPU
		{9C769D9B-1306-4A97-A791-A8CBEF38E39C}.Release|Any CPU.ActiveCfg = Release|Any CPU
		{9C769D9B-1306-4A97-A791-A8CBEF38E39C}.Release|Any CPU.Build.0 = Release|Any CPU
	EndGlobalSection
	GlobalSection(SolutionProperties) = preSolution
		HideSolutionNode = FALSE
	EndGlobalSection
	GlobalSection(ExtensibilityGlobals) = postSolution
		SolutionGuid = {D1DC4193-A654-49C5-9BC7-DB38AC2D350B}
	EndGlobalSection
EndGlobal
