
Microsoft Visual Studio Solution File, Format Version 12.00
# Visual Studio 15
VisualStudioVersion = 15.0.28307.539
MinimumVisualStudioVersion = 10.0.40219.1
Project("{FAE04EC0-301F-11D3-BF4B-00C04F79EFBC}") = "01. Summer Cocktails", "01. Summer Cocktails\01. Summer Cocktails.csproj", "{B2723F5B-27CC-4375-B866-E8A7BBF7B36D}"
EndProject
Project("{FAE04EC0-301F-11D3-BF4B-00C04F79EFBC}") = "02. Seashell Treasure", "02. Seashell Treasure\02. Seashell Treasure.csproj", "{52F0851E-3B15-44EB-81AB-C0326D96F806}"
EndProject
Project("{9A19103F-16F7-4668-BE54-9A1E7A4F7556}") = "AquariumAdventure", "..\..\..\Desktop\Acuarium\AquariumAdventure\AquariumAdventure.csproj", "{5ECBEAAF-DFC6-42D5-958D-3792D834F882}"
EndProject
Global
	GlobalSection(SolutionConfigurationPlatforms) = preSolution
		Debug|Any CPU = Debug|Any CPU
		Release|Any CPU = Release|Any CPU
	EndGlobalSection
	GlobalSection(ProjectConfigurationPlatforms) = postSolution
		{B2723F5B-27CC-4375-B866-E8A7BBF7B36D}.Debug|Any CPU.ActiveCfg = Debug|Any CPU
		{B2723F5B-27CC-4375-B866-E8A7BBF7B36D}.Debug|Any CPU.Build.0 = Debug|Any CPU
		{B2723F5B-27CC-4375-B866-E8A7BBF7B36D}.Release|Any CPU.ActiveCfg = Release|Any CPU
		{B2723F5B-27CC-4375-B866-E8A7BBF7B36D}.Release|Any CPU.Build.0 = Release|Any CPU
		{52F0851E-3B15-44EB-81AB-C0326D96F806}.Debug|Any CPU.ActiveCfg = Debug|Any CPU
		{52F0851E-3B15-44EB-81AB-C0326D96F806}.Debug|Any CPU.Build.0 = Debug|Any CPU
		{52F0851E-3B15-44EB-81AB-C0326D96F806}.Release|Any CPU.ActiveCfg = Release|Any CPU
		{52F0851E-3B15-44EB-81AB-C0326D96F806}.Release|Any CPU.Build.0 = Release|Any CPU
		{5ECBEAAF-DFC6-42D5-958D-3792D834F882}.Debug|Any CPU.ActiveCfg = Debug|Any CPU
		{5ECBEAAF-DFC6-42D5-958D-3792D834F882}.Debug|Any CPU.Build.0 = Debug|Any CPU
		{5ECBEAAF-DFC6-42D5-958D-3792D834F882}.Release|Any CPU.ActiveCfg = Release|Any CPU
		{5ECBEAAF-DFC6-42D5-958D-3792D834F882}.Release|Any CPU.Build.0 = Release|Any CPU
	EndGlobalSection
	GlobalSection(SolutionProperties) = preSolution
		HideSolutionNode = FALSE
	EndGlobalSection
	GlobalSection(ExtensibilityGlobals) = postSolution
		SolutionGuid = {474EB8A7-63B1-4857-8680-D1D27F0DCFDC}
	EndGlobalSection
EndGlobal
